
Microsoft Visual Studio Solution File, Format Version 12.00
# Visual Studio 15
VisualStudioVersion = 15.0.26730.10
MinimumVisualStudioVersion = 10.0.40219.1
Project("{2150E333-8FDC-42A3-9474-1A3956D46DE8}") = "Engine", "Engine", "{E620225B-99E2-41EC-8842-1AD77A410BB0}"
EndProject
Project("{2150E333-8FDC-42A3-9474-1A3956D46DE8}") = "Games", "Games", "{3643684A-BBA6-43D0-A1A3-79A0697D7F67}"
EndProject
Project("{8BC9CEB8-8B4A-11D0-8D11-00A0C91BC942}") = "UE4", "Intermediate\ProjectFiles\UE4.vcxproj", "{FA471E5D-929E-46CC-BCA8-BFC51430814B}"
EndProject
Project("{8BC9CEB8-8B4A-11D0-8D11-00A0C91BC942}") = "c4_simulation", "Intermediate\ProjectFiles\c4_simulation.vcxproj", "{232D15AD-08C3-4C15-BAFC-CBC12D0E4DAA}"
EndProject
Global
	GlobalSection(SolutionConfigurationPlatforms) = preSolution
		DebugGame Editor|HTML5 = DebugGame Editor|HTML5
		DebugGame Editor|Win32 = DebugGame Editor|Win32
		DebugGame Editor|Win64 = DebugGame Editor|Win64
		DebugGame|HTML5 = DebugGame|HTML5
		DebugGame|Win32 = DebugGame|Win32
		DebugGame|Win64 = DebugGame|Win64
		Development Editor|HTML5 = Development Editor|HTML5
		Development Editor|Win32 = Development Editor|Win32
		Development Editor|Win64 = Development Editor|Win64
		Development|HTML5 = Development|HTML5
		Development|Win32 = Development|Win32
		Development|Win64 = Development|Win64
		Shipping|HTML5 = Shipping|HTML5
		Shipping|Win32 = Shipping|Win32
		Shipping|Win64 = Shipping|Win64
	EndGlobalSection
	GlobalSection(ProjectConfigurationPlatforms) = postSolution
		{FA471E5D-929E-46CC-BCA8-BFC51430814B}.DebugGame Editor|HTML5.ActiveCfg = BuiltWithUnrealBuildTool|Win32
		{FA471E5D-929E-46CC-BCA8-BFC51430814B}.DebugGame Editor|HTML5.Build.0 = BuiltWithUnrealBuildTool|Win32
		{FA471E5D-929E-46CC-BCA8-BFC51430814B}.DebugGame Editor|Win32.ActiveCfg = BuiltWithUnrealBuildTool|Win32
		{FA471E5D-929E-46CC-BCA8-BFC51430814B}.DebugGame Editor|Win32.Build.0 = BuiltWithUnrealBuildTool|Win32
		{FA471E5D-929E-46CC-BCA8-BFC51430814B}.DebugGame Editor|Win64.ActiveCfg = BuiltWithUnrealBuildTool|Win32
		{FA471E5D-929E-46CC-BCA8-BFC51430814B}.DebugGame Editor|Win64.Build.0 = BuiltWithUnrealBuildTool|Win32
		{FA471E5D-929E-46CC-BCA8-BFC51430814B}.DebugGame|HTML5.ActiveCfg = BuiltWithUnrealBuildTool|Win32
		{FA471E5D-929E-46CC-BCA8-BFC51430814B}.DebugGame|HTML5.Build.0 = BuiltWithUnrealBuildTool|Win32
		{FA471E5D-929E-46CC-BCA8-BFC51430814B}.DebugGame|Win32.ActiveCfg = BuiltWithUnrealBuildTool|Win32
		{FA471E5D-929E-46CC-BCA8-BFC51430814B}.DebugGame|Win32.Build.0 = BuiltWithUnrealBuildTool|Win32
		{FA471E5D-929E-46CC-BCA8-BFC51430814B}.DebugGame|Win64.ActiveCfg = BuiltWithUnrealBuildTool|Win32
		{FA471E5D-929E-46CC-BCA8-BFC51430814B}.DebugGame|Win64.Build.0 = BuiltWithUnrealBuildTool|Win32
		{FA471E5D-929E-46CC-BCA8-BFC51430814B}.Development Editor|HTML5.ActiveCfg = BuiltWithUnrealBuildTool|Win32
		{FA471E5D-929E-46CC-BCA8-BFC51430814B}.Development Editor|HTML5.Build.0 = BuiltWithUnrealBuildTool|Win32
		{FA471E5D-929E-46CC-BCA8-BFC51430814B}.Development Editor|Win32.ActiveCfg = BuiltWithUnrealBuildTool|Win32
		{FA471E5D-929E-46CC-BCA8-BFC51430814B}.Development Editor|Win32.Build.0 = BuiltWithUnrealBuildTool|Win32
		{FA471E5D-929E-46CC-BCA8-BFC51430814B}.Development Editor|Win64.ActiveCfg = BuiltWithUnrealBuildTool|Win32
		{FA471E5D-929E-46CC-BCA8-BFC51430814B}.Development Editor|Win64.Build.0 = BuiltWithUnrealBuildTool|Win32
		{FA471E5D-929E-46CC-BCA8-BFC51430814B}.Development|HTML5.ActiveCfg = BuiltWithUnrealBuildTool|Win32
		{FA471E5D-929E-46CC-BCA8-BFC51430814B}.Development|HTML5.Build.0 = BuiltWithUnrealBuildTool|Win32
		{FA471E5D-929E-46CC-BCA8-BFC51430814B}.Development|Win32.ActiveCfg = BuiltWithUnrealBuildTool|Win32
		{FA471E5D-929E-46CC-BCA8-BFC51430814B}.Development|Win32.Build.0 = BuiltWithUnrealBuildTool|Win32
		{FA471E5D-929E-46CC-BCA8-BFC51430814B}.Development|Win64.ActiveCfg = BuiltWithUnrealBuildTool|Win32
		{FA471E5D-929E-46CC-BCA8-BFC51430814B}.Development|Win64.Build.0 = BuiltWithUnrealBuildTool|Win32
		{FA471E5D-929E-46CC-BCA8-BFC51430814B}.Shipping|HTML5.ActiveCfg = BuiltWithUnrealBuildTool|Win32
		{FA471E5D-929E-46CC-BCA8-BFC51430814B}.Shipping|HTML5.Build.0 = BuiltWithUnrealBuildTool|Win32
		{FA471E5D-929E-46CC-BCA8-BFC51430814B}.Shipping|Win32.ActiveCfg = BuiltWithUnrealBuildTool|Win32
		{FA471E5D-929E-46CC-BCA8-BFC51430814B}.Shipping|Win32.Build.0 = BuiltWithUnrealBuildTool|Win32
		{FA471E5D-929E-46CC-BCA8-BFC51430814B}.Shipping|Win64.ActiveCfg = BuiltWithUnrealBuildTool|Win32
		{FA471E5D-929E-46CC-BCA8-BFC51430814B}.Shipping|Win64.Build.0 = BuiltWithUnrealBuildTool|Win32
		{232D15AD-08C3-4C15-BAFC-CBC12D0E4DAA}.DebugGame Editor|HTML5.ActiveCfg = HTML5_DebugGame_Editor|Win32
		{232D15AD-08C3-4C15-BAFC-CBC12D0E4DAA}.DebugGame Editor|Win32.ActiveCfg = DebugGame_Editor|Win32
		{232D15AD-08C3-4C15-BAFC-CBC12D0E4DAA}.DebugGame Editor|Win64.ActiveCfg = DebugGame_Editor|x64
		{232D15AD-08C3-4C15-BAFC-CBC12D0E4DAA}.DebugGame Editor|Win64.Build.0 = DebugGame_Editor|x64
		{232D15AD-08C3-4C15-BAFC-CBC12D0E4DAA}.DebugGame|HTML5.ActiveCfg = HTML5_DebugGame_Game|Win32
		{232D15AD-08C3-4C15-BAFC-CBC12D0E4DAA}.DebugGame|HTML5.Build.0 = HTML5_DebugGame_Game|Win32
		{232D15AD-08C3-4C15-BAFC-CBC12D0E4DAA}.DebugGame|Win32.ActiveCfg = DebugGame_Game|Win32
		{232D15AD-08C3-4C15-BAFC-CBC12D0E4DAA}.DebugGame|Win32.Build.0 = DebugGame_Game|Win32
		{232D15AD-08C3-4C15-BAFC-CBC12D0E4DAA}.DebugGame|Win64.ActiveCfg = DebugGame_Game|x64
		{232D15AD-08C3-4C15-BAFC-CBC12D0E4DAA}.DebugGame|Win64.Build.0 = DebugGame_Game|x64
		{232D15AD-08C3-4C15-BAFC-CBC12D0E4DAA}.Development Editor|HTML5.ActiveCfg = HTML5_Development_Editor|Win32
		{232D15AD-08C3-4C15-BAFC-CBC12D0E4DAA}.Development Editor|Win32.ActiveCfg = Development_Editor|Win32
		{232D15AD-08C3-4C15-BAFC-CBC12D0E4DAA}.Development Editor|Win64.ActiveCfg = Development_Editor|x64
		{232D15AD-08C3-4C15-BAFC-CBC12D0E4DAA}.Development Editor|Win64.Build.0 = Development_Editor|x64
		{232D15AD-08C3-4C15-BAFC-CBC12D0E4DAA}.Development|HTML5.ActiveCfg = HTML5_Development_Game|Win32
		{232D15AD-08C3-4C15-BAFC-CBC12D0E4DAA}.Development|HTML5.Build.0 = HTML5_Development_Game|Win32
		{232D15AD-08C3-4C15-BAFC-CBC12D0E4DAA}.Development|Win32.ActiveCfg = Development_Game|Win32
		{232D15AD-08C3-4C15-BAFC-CBC12D0E4DAA}.Development|Win32.Build.0 = Development_Game|Win32
		{232D15AD-08C3-4C15-BAFC-CBC12D0E4DAA}.Development|Win64.ActiveCfg = Development_Game|x64
		{232D15AD-08C3-4C15-BAFC-CBC12D0E4DAA}.Development|Win64.Build.0 = Development_Game|x64
		{232D15AD-08C3-4C15-BAFC-CBC12D0E4DAA}.Shipping|HTML5.ActiveCfg = HTML5_Shipping_Game|Win32
		{232D15AD-08C3-4C15-BAFC-CBC12D0E4DAA}.Shipping|HTML5.Build.0 = HTML5_Shipping_Game|Win32
		{232D15AD-08C3-4C15-BAFC-CBC12D0E4DAA}.Shipping|Win32.ActiveCfg = Shipping_Game|Win32
		{232D15AD-08C3-4C15-BAFC-CBC12D0E4DAA}.Shipping|Win32.Build.0 = Shipping_Game|Win32
		{232D15AD-08C3-4C15-BAFC-CBC12D0E4DAA}.Shipping|Win64.ActiveCfg = Shipping_Game|x64
		{232D15AD-08C3-4C15-BAFC-CBC12D0E4DAA}.Shipping|Win64.Build.0 = Shipping_Game|x64
	EndGlobalSection
	GlobalSection(SolutionProperties) = preSolution
		HideSolutionNode = FALSE
	EndGlobalSection
	GlobalSection(NestedProjects) = preSolution
		{FA471E5D-929E-46CC-BCA8-BFC51430814B} = {E620225B-99E2-41EC-8842-1AD77A410BB0}
		{232D15AD-08C3-4C15-BAFC-CBC12D0E4DAA} = {3643684A-BBA6-43D0-A1A3-79A0697D7F67}
	EndGlobalSection
	GlobalSection(ExtensibilityGlobals) = postSolution
		SolutionGuid = {FF46D0CE-3B3D-4C2A-BF20-013C792DE26A}
	EndGlobalSection
EndGlobal
